{
  "requires": true,
  "lockfileVersion": 1,
  "dependencies": {
    "php7parser": {
      "version": "1.0.8",
      "resolved": "https://registry.npmjs.org/php7parser/-/php7parser-1.0.8.tgz",
      "integrity": "sha512-c3upozgch1eKr7NK+UwznRXDCLN9aim4zUTLrXo04bqtb8vu4vauK5kq6GmG0sl3MhL5XbNpyayJJ8FHov+IOQ=="
    }
  }
}
